
Microsoft Visual Studio Solution File, Format Version 12.00
# Visual Studio Version 17
VisualStudioVersion = 17.7.34024.191
MinimumVisualStudioVersion = 10.0.40219.1
Project("{FAE04EC0-301F-11D3-BF4B-00C04F79EFBC}") = "EcoLibrariumServer", "EcoLibrariumServer\EcoLibrariumServer.csproj", "{8BB17333-9F3F-4608-B481-BF610F39120A}"
EndProject
Global
	GlobalSection(SolutionConfigurationPlatforms) = preSolution
		Debug|Any CPU = Debug|Any CPU
		Release|Any CPU = Release|Any CPU
	EndGlobalSection
	GlobalSection(ProjectConfigurationPlatforms) = postSolution
		{8BB17333-9F3F-4608-B481-BF610F39120A}.Debug|Any CPU.ActiveCfg = Debug|Any CPU
		{8BB17333-9F3F-4608-B481-BF610F39120A}.Debug|Any CPU.Build.0 = Debug|Any CPU
		{8BB17333-9F3F-4608-B481-BF610F39120A}.Release|Any CPU.ActiveCfg = Release|Any CPU
		{8BB17333-9F3F-4608-B481-BF610F39120A}.Release|Any CPU.Build.0 = Release|Any CPU
	EndGlobalSection
	GlobalSection(SolutionProperties) = preSolution
		HideSolutionNode = FALSE
	EndGlobalSection
	GlobalSection(ExtensibilityGlobals) = postSolution
		SolutionGuid = {5FD4E040-B7AE-40AB-ADB3-1AE182DA77F8}
	EndGlobalSection
EndGlobal
